<?xml version="1.0" encoding="utf-8"?>
<Project ToolsVersion="4.0" xmlns="http://schemas.microsoft.com/developer/msbuild/2003">
  <ItemGroup>
    <ClInclude Include="..\chartfly\widget.h" />
    <ClInclude Include="..\chartfly\scroller.h" />
    <ClInclude Include="..\chartfly\types.h" />
    <ClInclude Include="..\chartfly\models.h" />
  </ItemGroup>
  <ItemGroup>
    <Filter Include="src">
      <UniqueIdentifier>{28f44a6d-5482-431a-b2fb-f17f1b86ab94}</UniqueIdentifier>
    </Filter>
  </ItemGroup>
  <ItemGroup>
    <ClCompile Include="chartfly.cpp">
      <Filter>src</Filter>
    </ClCompile>
  </ItemGroup>
</Project>